// !$*UTF8*$!
{
	archiveVersion = 1;
	classes = {
	};
	objectVersion = 55;
	objects = {

/* Begin PBXBuildFile section */
		21059BB028210F5C0056CA6E /* TicketListViewModel.swift in Sources */ = {isa = PBXBuildFile; fileRef = 21059BAF28210F5C0056CA6E /* TicketListViewModel.swift */; };
		21059BB228210FF40056CA6E /* CoreDataManager.swift in Sources */ = {isa = PBXBuildFile; fileRef = 21059BB128210FF40056CA6E /* CoreDataManager.swift */; };
		21059BB5282112130056CA6E /* RecordViewModel.swift in Sources */ = {isa = PBXBuildFile; fileRef = 21059BB4282112130056CA6E /* RecordViewModel.swift */; };
		21059BB82821173F0056CA6E /* DecorateTicketViewModel.swift in Sources */ = {isa = PBXBuildFile; fileRef = 21059BB72821173F0056CA6E /* DecorateTicketViewModel.swift */; };
		21059BBB28212CB20056CA6E /* PreviewTicketView.swift in Sources */ = {isa = PBXBuildFile; fileRef = 21059BBA28212CB20056CA6E /* PreviewTicketView.swift */; };
		21059BC128225C370056CA6E /* CustomPlayerSlider.swift in Sources */ = {isa = PBXBuildFile; fileRef = 21059BC028225C370056CA6E /* CustomPlayerSlider.swift */; };
		211C69DA2816BA6D00869592 /* RecordTicketApp.swift in Sources */ = {isa = PBXBuildFile; fileRef = 211C69D92816BA6D00869592 /* RecordTicketApp.swift */; };
		211C69DC2816BA6D00869592 /* ContentView.swift in Sources */ = {isa = PBXBuildFile; fileRef = 211C69DB2816BA6D00869592 /* ContentView.swift */; };
		211C69DE2816BA7000869592 /* Assets.xcassets in Resources */ = {isa = PBXBuildFile; fileRef = 211C69DD2816BA7000869592 /* Assets.xcassets */; };
		211C69E12816BA7000869592 /* Preview Assets.xcassets in Resources */ = {isa = PBXBuildFile; fileRef = 211C69E02816BA7000869592 /* Preview Assets.xcassets */; };
		21222F382817C21900BFCA6E /* TicketView.swift in Sources */ = {isa = PBXBuildFile; fileRef = 21222F372817C21900BFCA6E /* TicketView.swift */; };
		21222F3A2817C24F00BFCA6E /* InnerRoundedRectangle.swift in Sources */ = {isa = PBXBuildFile; fileRef = 21222F392817C24F00BFCA6E /* InnerRoundedRectangle.swift */; };
		21222F3C2817CDB200BFCA6E /* Line.swift in Sources */ = {isa = PBXBuildFile; fileRef = 21222F3B2817CDB200BFCA6E /* Line.swift */; };
		21222F3F2817D68F00BFCA6E /* AppleSDGothicNeo.ttc in Resources */ = {isa = PBXBuildFile; fileRef = 21222F3E2817D68A00BFCA6E /* AppleSDGothicNeo.ttc */; };
		21222F412817D6B200BFCA6E /* Font.swift in Sources */ = {isa = PBXBuildFile; fileRef = 21222F402817D6B200BFCA6E /* Font.swift */; };
		21222F442817D8C500BFCA6E /* SpoqaHanSansNeo-Regular.otf in Resources */ = {isa = PBXBuildFile; fileRef = 21222F432817D8C000BFCA6E /* SpoqaHanSansNeo-Regular.otf */; };
		21222F452817D8C500BFCA6E /* SpoqaHanSansNeo-Bold.otf in Resources */ = {isa = PBXBuildFile; fileRef = 21222F422817D8C000BFCA6E /* SpoqaHanSansNeo-Bold.otf */; };
		21222F472817D96000BFCA6E /* Gilroy-ExtraBold.otf in Resources */ = {isa = PBXBuildFile; fileRef = 21222F462817D96000BFCA6E /* Gilroy-ExtraBold.otf */; };
		21284E88281FA12500D52722 /* LocationManager.swift in Sources */ = {isa = PBXBuildFile; fileRef = 21284E87281FA12500D52722 /* LocationManager.swift */; };
		21284E8A281FA12D00D52722 /* TimerManager.swift in Sources */ = {isa = PBXBuildFile; fileRef = 21284E89281FA12D00D52722 /* TimerManager.swift */; };
		21284E8E281FAFB400D52722 /* RecordManager.swift in Sources */ = {isa = PBXBuildFile; fileRef = 21284E8D281FAFB400D52722 /* RecordManager.swift */; };
		2138E4B5281BAF9D00B26CA9 /* Date.swift in Sources */ = {isa = PBXBuildFile; fileRef = 2138E4B4281BAF9D00B26CA9 /* Date.swift */; };
		2138E4B7281BB19500B26CA9 /* AudioManager.swift in Sources */ = {isa = PBXBuildFile; fileRef = 2138E4B6281BB19500B26CA9 /* AudioManager.swift */; };
		21638D7B28194D99001AA45A /* RecordView.swift in Sources */ = {isa = PBXBuildFile; fileRef = 21638D7A28194D99001AA45A /* RecordView.swift */; };
		21638D7D28196CA7001AA45A /* DecorateTicketView.swift in Sources */ = {isa = PBXBuildFile; fileRef = 21638D7C28196CA7001AA45A /* DecorateTicketView.swift */; };
		21638D7F281976E0001AA45A /* PhotoPicker.swift in Sources */ = {isa = PBXBuildFile; fileRef = 21638D7E281976E0001AA45A /* PhotoPicker.swift */; };
		2174386E28191073007923AB /* CustomTab.swift in Sources */ = {isa = PBXBuildFile; fileRef = 2174386D28191073007923AB /* CustomTab.swift */; };
		21743870281926AC007923AB /* TicketListView.swift in Sources */ = {isa = PBXBuildFile; fileRef = 2174386F281926AC007923AB /* TicketListView.swift */; };
		21743872281926B5007923AB /* SettingView.swift in Sources */ = {isa = PBXBuildFile; fileRef = 21743871281926B5007923AB /* SettingView.swift */; };
		2174387428193658007923AB /* Style.swift in Sources */ = {isa = PBXBuildFile; fileRef = 2174387328193658007923AB /* Style.swift */; };
		21A6C2432823B74A00853D8B /* Modifier.swift in Sources */ = {isa = PBXBuildFile; fileRef = 21A6C2422823B74A00853D8B /* Modifier.swift */; };
		21A6C2452823C2AA00853D8B /* ImageManager.swift in Sources */ = {isa = PBXBuildFile; fileRef = 21A6C2442823C2AA00853D8B /* ImageManager.swift */; };
		21B831252823F85D00E209EB /* CustomSheet.swift in Sources */ = {isa = PBXBuildFile; fileRef = 21B831242823F85D00E209EB /* CustomSheet.swift */; };
		21EF6FF6281A5F8D00B60288 /* Color.swift in Sources */ = {isa = PBXBuildFile; fileRef = 21EF6FF5281A5F8D00B60288 /* Color.swift */; };
		21EF6FF8281A6AFF00B60288 /* PlayerView.swift in Sources */ = {isa = PBXBuildFile; fileRef = 21EF6FF7281A6AFF00B60288 /* PlayerView.swift */; };
		21EF6FFA281A6BAD00B60288 /* RoundedCorner.swift in Sources */ = {isa = PBXBuildFile; fileRef = 21EF6FF9281A6BAD00B60288 /* RoundedCorner.swift */; };
		21EF6FFC281A7D1200B60288 /* TextAlert.swift in Sources */ = {isa = PBXBuildFile; fileRef = 21EF6FFB281A7D1200B60288 /* TextAlert.swift */; };
		21EF7001281A86FA00B60288 /* RecitalModel.xcdatamodeld in Sources */ = {isa = PBXBuildFile; fileRef = 21EF6FFF281A86FA00B60288 /* RecitalModel.xcdatamodeld */; };
		21EF7003281A8A8C00B60288 /* EdgeRectangle.swift in Sources */ = {isa = PBXBuildFile; fileRef = 21EF7002281A8A8C00B60288 /* EdgeRectangle.swift */; };
		4D5213702D719DC300290EA1 /* Localizable.xcstrings in Resources */ = {isa = PBXBuildFile; fileRef = 4D52136F2D719DC300290EA1 /* Localizable.xcstrings */; };
		4D5213722D71A1D900290EA1 /* ImageManageSettingView.swift in Sources */ = {isa = PBXBuildFile; fileRef = 4D5213712D71A1D900290EA1 /* ImageManageSettingView.swift */; };
		4D5213742D71A21000290EA1 /* DataManageSettingView.swift in Sources */ = {isa = PBXBuildFile; fileRef = 4D5213732D71A21000290EA1 /* DataManageSettingView.swift */; };
		4D52137A2D71A2F000290EA1 /* InfoSettingView.swift in Sources */ = {isa = PBXBuildFile; fileRef = 4D5213792D71A2F000290EA1 /* InfoSettingView.swift */; };
		4D52137D2D71A35300290EA1 /* SettingSection.swift in Sources */ = {isa = PBXBuildFile; fileRef = 4D52137C2D71A35300290EA1 /* SettingSection.swift */; };
		4D52137F2D71A3AD00290EA1 /* ColorThemeSettingSheetView.swift in Sources */ = {isa = PBXBuildFile; fileRef = 4D52137E2D71A3AD00290EA1 /* ColorThemeSettingSheetView.swift */; };
/* End PBXBuildFile section */

/* Begin PBXFileReference section */
		21059BAF28210F5C0056CA6E /* TicketListViewModel.swift */ = {isa = PBXFileReference; lastKnownFileType = sourcecode.swift; path = TicketListViewModel.swift; sourceTree = "<group>"; };
		21059BB128210FF40056CA6E /* CoreDataManager.swift */ = {isa = PBXFileReference; lastKnownFileType = sourcecode.swift; path = CoreDataManager.swift; sourceTree = "<group>"; };
		21059BB4282112130056CA6E /* RecordViewModel.swift */ = {isa = PBXFileReference; lastKnownFileType = sourcecode.swift; path = RecordViewModel.swift; sourceTree = "<group>"; };
		21059BB72821173F0056CA6E /* DecorateTicketViewModel.swift */ = {isa = PBXFileReference; lastKnownFileType = sourcecode.swift; path = DecorateTicketViewModel.swift; sourceTree = "<group>"; };
		21059BBA28212CB20056CA6E /* PreviewTicketView.swift */ = {isa = PBXFileReference; lastKnownFileType = sourcecode.swift; path = PreviewTicketView.swift; sourceTree = "<group>"; };
		21059BC028225C370056CA6E /* CustomPlayerSlider.swift */ = {isa = PBXFileReference; lastKnownFileType = sourcecode.swift; path = CustomPlayerSlider.swift; sourceTree = "<group>"; };
		211C69D62816BA6D00869592 /* RecordTicket.app */ = {isa = PBXFileReference; explicitFileType = wrapper.application; includeInIndex = 0; path = RecordTicket.app; sourceTree = BUILT_PRODUCTS_DIR; };
		211C69D92816BA6D00869592 /* RecordTicketApp.swift */ = {isa = PBXFileReference; lastKnownFileType = sourcecode.swift; path = RecordTicketApp.swift; sourceTree = "<group>"; };
		211C69DB2816BA6D00869592 /* ContentView.swift */ = {isa = PBXFileReference; lastKnownFileType = sourcecode.swift; path = ContentView.swift; sourceTree = "<group>"; };
		211C69DD2816BA7000869592 /* Assets.xcassets */ = {isa = PBXFileReference; lastKnownFileType = folder.assetcatalog; path = Assets.xcassets; sourceTree = "<group>"; };
		211C69E02816BA7000869592 /* Preview Assets.xcassets */ = {isa = PBXFileReference; lastKnownFileType = folder.assetcatalog; path = "Preview Assets.xcassets"; sourceTree = "<group>"; };
		21222F372817C21900BFCA6E /* TicketView.swift */ = {isa = PBXFileReference; lastKnownFileType = sourcecode.swift; path = TicketView.swift; sourceTree = "<group>"; };
		21222F392817C24F00BFCA6E /* InnerRoundedRectangle.swift */ = {isa = PBXFileReference; lastKnownFileType = sourcecode.swift; path = InnerRoundedRectangle.swift; sourceTree = "<group>"; };
		21222F3B2817CDB200BFCA6E /* Line.swift */ = {isa = PBXFileReference; lastKnownFileType = sourcecode.swift; path = Line.swift; sourceTree = "<group>"; };
		21222F3E2817D68A00BFCA6E /* AppleSDGothicNeo.ttc */ = {isa = PBXFileReference; lastKnownFileType = file; path = AppleSDGothicNeo.ttc; sourceTree = "<group>"; };
		21222F402817D6B200BFCA6E /* Font.swift */ = {isa = PBXFileReference; lastKnownFileType = sourcecode.swift; path = Font.swift; sourceTree = "<group>"; };
		21222F422817D8C000BFCA6E /* SpoqaHanSansNeo-Bold.otf */ = {isa = PBXFileReference; lastKnownFileType = file; path = "SpoqaHanSansNeo-Bold.otf"; sourceTree = "<group>"; };
		21222F432817D8C000BFCA6E /* SpoqaHanSansNeo-Regular.otf */ = {isa = PBXFileReference; lastKnownFileType = file; path = "SpoqaHanSansNeo-Regular.otf"; sourceTree = "<group>"; };
		21222F462817D96000BFCA6E /* Gilroy-ExtraBold.otf */ = {isa = PBXFileReference; lastKnownFileType = file; path = "Gilroy-ExtraBold.otf"; sourceTree = "<group>"; };
		21284E87281FA12500D52722 /* LocationManager.swift */ = {isa = PBXFileReference; lastKnownFileType = sourcecode.swift; path = LocationManager.swift; sourceTree = "<group>"; };
		21284E89281FA12D00D52722 /* TimerManager.swift */ = {isa = PBXFileReference; lastKnownFileType = sourcecode.swift; path = TimerManager.swift; sourceTree = "<group>"; };
		21284E8D281FAFB400D52722 /* RecordManager.swift */ = {isa = PBXFileReference; lastKnownFileType = sourcecode.swift; path = RecordManager.swift; sourceTree = "<group>"; };
		2138E4B4281BAF9D00B26CA9 /* Date.swift */ = {isa = PBXFileReference; lastKnownFileType = sourcecode.swift; path = Date.swift; sourceTree = "<group>"; };
		2138E4B6281BB19500B26CA9 /* AudioManager.swift */ = {isa = PBXFileReference; lastKnownFileType = sourcecode.swift; path = AudioManager.swift; sourceTree = "<group>"; };
		21638D7A28194D99001AA45A /* RecordView.swift */ = {isa = PBXFileReference; lastKnownFileType = sourcecode.swift; path = RecordView.swift; sourceTree = "<group>"; };
		21638D7C28196CA7001AA45A /* DecorateTicketView.swift */ = {isa = PBXFileReference; lastKnownFileType = sourcecode.swift; path = DecorateTicketView.swift; sourceTree = "<group>"; };
		21638D7E281976E0001AA45A /* PhotoPicker.swift */ = {isa = PBXFileReference; lastKnownFileType = sourcecode.swift; path = PhotoPicker.swift; sourceTree = "<group>"; };
		2174386D28191073007923AB /* CustomTab.swift */ = {isa = PBXFileReference; lastKnownFileType = sourcecode.swift; path = CustomTab.swift; sourceTree = "<group>"; };
		2174386F281926AC007923AB /* TicketListView.swift */ = {isa = PBXFileReference; lastKnownFileType = sourcecode.swift; path = TicketListView.swift; sourceTree = "<group>"; };
		21743871281926B5007923AB /* SettingView.swift */ = {isa = PBXFileReference; lastKnownFileType = sourcecode.swift; path = SettingView.swift; sourceTree = "<group>"; };
		2174387328193658007923AB /* Style.swift */ = {isa = PBXFileReference; lastKnownFileType = sourcecode.swift; path = Style.swift; sourceTree = "<group>"; };
		21A6C2422823B74A00853D8B /* Modifier.swift */ = {isa = PBXFileReference; lastKnownFileType = sourcecode.swift; path = Modifier.swift; sourceTree = "<group>"; };
		21A6C2442823C2AA00853D8B /* ImageManager.swift */ = {isa = PBXFileReference; lastKnownFileType = sourcecode.swift; path = ImageManager.swift; sourceTree = "<group>"; };
		21B831242823F85D00E209EB /* CustomSheet.swift */ = {isa = PBXFileReference; lastKnownFileType = sourcecode.swift; path = CustomSheet.swift; sourceTree = "<group>"; };
		21EF6FF5281A5F8D00B60288 /* Color.swift */ = {isa = PBXFileReference; lastKnownFileType = sourcecode.swift; path = Color.swift; sourceTree = "<group>"; };
		21EF6FF7281A6AFF00B60288 /* PlayerView.swift */ = {isa = PBXFileReference; lastKnownFileType = sourcecode.swift; path = PlayerView.swift; sourceTree = "<group>"; };
		21EF6FF9281A6BAD00B60288 /* RoundedCorner.swift */ = {isa = PBXFileReference; lastKnownFileType = sourcecode.swift; path = RoundedCorner.swift; sourceTree = "<group>"; };
		21EF6FFB281A7D1200B60288 /* TextAlert.swift */ = {isa = PBXFileReference; lastKnownFileType = sourcecode.swift; path = TextAlert.swift; sourceTree = "<group>"; };
		21EF7000281A86FA00B60288 /* RecitalModel.xcdatamodel */ = {isa = PBXFileReference; lastKnownFileType = wrapper.xcdatamodel; path = RecitalModel.xcdatamodel; sourceTree = "<group>"; };
		21EF7002281A8A8C00B60288 /* EdgeRectangle.swift */ = {isa = PBXFileReference; lastKnownFileType = sourcecode.swift; path = EdgeRectangle.swift; sourceTree = "<group>"; };
		4D52136F2D719DC300290EA1 /* Localizable.xcstrings */ = {isa = PBXFileReference; lastKnownFileType = text.json.xcstrings; path = Localizable.xcstrings; sourceTree = "<group>"; };
		4D5213712D71A1D900290EA1 /* ImageManageSettingView.swift */ = {isa = PBXFileReference; lastKnownFileType = sourcecode.swift; path = ImageManageSettingView.swift; sourceTree = "<group>"; };
		4D5213732D71A21000290EA1 /* DataManageSettingView.swift */ = {isa = PBXFileReference; lastKnownFileType = sourcecode.swift; path = DataManageSettingView.swift; sourceTree = "<group>"; };
		4D5213792D71A2F000290EA1 /* InfoSettingView.swift */ = {isa = PBXFileReference; lastKnownFileType = sourcecode.swift; path = InfoSettingView.swift; sourceTree = "<group>"; };
		4D52137C2D71A35300290EA1 /* SettingSection.swift */ = {isa = PBXFileReference; lastKnownFileType = sourcecode.swift; path = SettingSection.swift; sourceTree = "<group>"; };
		4D52137E2D71A3AD00290EA1 /* ColorThemeSettingSheetView.swift */ = {isa = PBXFileReference; lastKnownFileType = sourcecode.swift; path = ColorThemeSettingSheetView.swift; sourceTree = "<group>"; };
/* End PBXFileReference section */

/* Begin PBXFrameworksBuildPhase section */
		211C69D32816BA6D00869592 /* Frameworks */ = {
			isa = PBXFrameworksBuildPhase;
			buildActionMask = 2147483647;
			files = (
			);
			runOnlyForDeploymentPostprocessing = 0;
		};
/* End PBXFrameworksBuildPhase section */

/* Begin PBXGroup section */
		21059BAE28210F4C0056CA6E /* TicketList */ = {
			isa = PBXGroup;
			children = (
				2174386F281926AC007923AB /* TicketListView.swift */,
				21059BAF28210F5C0056CA6E /* TicketListViewModel.swift */,
			);
			path = TicketList;
			sourceTree = "<group>";
		};
		21059BB3282111F40056CA6E /* Record */ = {
			isa = PBXGroup;
			children = (
				21638D7A28194D99001AA45A /* RecordView.swift */,
				21059BB4282112130056CA6E /* RecordViewModel.swift */,
			);
			path = Record;
			sourceTree = "<group>";
		};
		21059BB62821172C0056CA6E /* DecorateTicket */ = {
			isa = PBXGroup;
			children = (
				21638D7C28196CA7001AA45A /* DecorateTicketView.swift */,
				21059BB72821173F0056CA6E /* DecorateTicketViewModel.swift */,
			);
			path = DecorateTicket;
			sourceTree = "<group>";
		};
		21059BB928212C9E0056CA6E /* Ticket */ = {
			isa = PBXGroup;
			children = (
				21222F372817C21900BFCA6E /* TicketView.swift */,
				21059BBA28212CB20056CA6E /* PreviewTicketView.swift */,
			);
			path = Ticket;
			sourceTree = "<group>";
		};
		21059BBC282244F10056CA6E /* Setting */ = {
			isa = PBXGroup;
			children = (
				4D52137B2D71A34900290EA1 /* Components */,
				21743871281926B5007923AB /* SettingView.swift */,
				4D5213712D71A1D900290EA1 /* ImageManageSettingView.swift */,
				4D5213732D71A21000290EA1 /* DataManageSettingView.swift */,
				4D5213792D71A2F000290EA1 /* InfoSettingView.swift */,
			);
			path = Setting;
			sourceTree = "<group>";
		};
		21059BBF28225C100056CA6E /* Player */ = {
			isa = PBXGroup;
			children = (
				21EF6FF7281A6AFF00B60288 /* PlayerView.swift */,
				21059BC028225C370056CA6E /* CustomPlayerSlider.swift */,
			);
			path = Player;
			sourceTree = "<group>";
		};
		211C69CD2816BA6D00869592 = {
			isa = PBXGroup;
			children = (
				211C69D82816BA6D00869592 /* RecordTicket */,
				211C69D72816BA6D00869592 /* Products */,
			);
			sourceTree = "<group>";
		};
		211C69D72816BA6D00869592 /* Products */ = {
			isa = PBXGroup;
			children = (
				211C69D62816BA6D00869592 /* RecordTicket.app */,
			);
			name = Products;
			sourceTree = "<group>";
		};
		211C69D82816BA6D00869592 /* RecordTicket */ = {
			isa = PBXGroup;
			children = (
				21EF6FFF281A86FA00B60288 /* RecitalModel.xcdatamodeld */,
				211C69D92816BA6D00869592 /* RecordTicketApp.swift */,
				21284E83281FA06400D52722 /* View */,
				21284E85281FA08800D52722 /* Data */,
				21284E84281FA07700D52722 /* Components */,
				21284E86281FA0DC00D52722 /* Service + Manager */,
				4D52136E2D719D6200290EA1 /* Resources */,
				21284E82281FA01F00D52722 /* Shape */,
				21284E81281F9FF700D52722 /* Extension */,
				21222F3D2817D65600BFCA6E /* Fonts */,
				211C69DD2816BA7000869592 /* Assets.xcassets */,
				211C69DF2816BA7000869592 /* Preview Content */,
			);
			path = RecordTicket;
			sourceTree = "<group>";
		};
		211C69DF2816BA7000869592 /* Preview Content */ = {
			isa = PBXGroup;
			children = (
				211C69E02816BA7000869592 /* Preview Assets.xcassets */,
			);
			path = "Preview Content";
			sourceTree = "<group>";
		};
		21222F3D2817D65600BFCA6E /* Fonts */ = {
			isa = PBXGroup;
			children = (
				21222F402817D6B200BFCA6E /* Font.swift */,
				21222F462817D96000BFCA6E /* Gilroy-ExtraBold.otf */,
				21222F422817D8C000BFCA6E /* SpoqaHanSansNeo-Bold.otf */,
				21222F432817D8C000BFCA6E /* SpoqaHanSansNeo-Regular.otf */,
				21222F3E2817D68A00BFCA6E /* AppleSDGothicNeo.ttc */,
			);
			path = Fonts;
			sourceTree = "<group>";
		};
		21284E81281F9FF700D52722 /* Extension */ = {
			isa = PBXGroup;
			children = (
				21EF6FF5281A5F8D00B60288 /* Color.swift */,
				2138E4B4281BAF9D00B26CA9 /* Date.swift */,
				21A6C2422823B74A00853D8B /* Modifier.swift */,
				21B831242823F85D00E209EB /* CustomSheet.swift */,
			);
			path = Extension;
			sourceTree = "<group>";
		};
		21284E82281FA01F00D52722 /* Shape */ = {
			isa = PBXGroup;
			children = (
				21EF7002281A8A8C00B60288 /* EdgeRectangle.swift */,
				21222F392817C24F00BFCA6E /* InnerRoundedRectangle.swift */,
				21EF6FF9281A6BAD00B60288 /* RoundedCorner.swift */,
				21222F3B2817CDB200BFCA6E /* Line.swift */,
				2174387328193658007923AB /* Style.swift */,
			);
			path = Shape;
			sourceTree = "<group>";
		};
		21284E83281FA06400D52722 /* View */ = {
			isa = PBXGroup;
			children = (
				211C69DB2816BA6D00869592 /* ContentView.swift */,
				21059BAE28210F4C0056CA6E /* TicketList */,
				21059BB3282111F40056CA6E /* Record */,
				21059BB928212C9E0056CA6E /* Ticket */,
				21059BB62821172C0056CA6E /* DecorateTicket */,
				21059BBC282244F10056CA6E /* Setting */,
				21059BBF28225C100056CA6E /* Player */,
			);
			path = View;
			sourceTree = "<group>";
		};
		21284E84281FA07700D52722 /* Components */ = {
			isa = PBXGroup;
			children = (
				21638D7E281976E0001AA45A /* PhotoPicker.swift */,
				21EF6FFB281A7D1200B60288 /* TextAlert.swift */,
				2174386D28191073007923AB /* CustomTab.swift */,
			);
			path = Components;
			sourceTree = "<group>";
		};
		21284E85281FA08800D52722 /* Data */ = {
			isa = PBXGroup;
			children = (
				21059BB128210FF40056CA6E /* CoreDataManager.swift */,
				21A6C2442823C2AA00853D8B /* ImageManager.swift */,
			);
			path = Data;
			sourceTree = "<group>";
		};
		21284E86281FA0DC00D52722 /* Service + Manager */ = {
			isa = PBXGroup;
			children = (
				2138E4B6281BB19500B26CA9 /* AudioManager.swift */,
				21284E8D281FAFB400D52722 /* RecordManager.swift */,
				21284E87281FA12500D52722 /* LocationManager.swift */,
				21284E89281FA12D00D52722 /* TimerManager.swift */,
			);
			path = "Service + Manager";
			sourceTree = "<group>";
		};
		4D52136E2D719D6200290EA1 /* Resources */ = {
			isa = PBXGroup;
			children = (
				4D52136F2D719DC300290EA1 /* Localizable.xcstrings */,
			);
			path = Resources;
			sourceTree = "<group>";
		};
		4D52137B2D71A34900290EA1 /* Components */ = {
			isa = PBXGroup;
			children = (
				4D52137C2D71A35300290EA1 /* SettingSection.swift */,
				4D52137E2D71A3AD00290EA1 /* ColorThemeSettingSheetView.swift */,
			);
			path = Components;
			sourceTree = "<group>";
		};
/* End PBXGroup section */

/* Begin PBXNativeTarget section */
		211C69D52816BA6D00869592 /* RecordTicket */ = {
			isa = PBXNativeTarget;
			buildConfigurationList = 211C69E42816BA7000869592 /* Build configuration list for PBXNativeTarget "RecordTicket" */;
			buildPhases = (
				211C69D22816BA6D00869592 /* Sources */,
				211C69D32816BA6D00869592 /* Frameworks */,
				211C69D42816BA6D00869592 /* Resources */,
			);
			buildRules = (
			);
			dependencies = (
			);
			name = RecordTicket;
			productName = RecordTicket;
			productReference = 211C69D62816BA6D00869592 /* RecordTicket.app */;
			productType = "com.apple.product-type.application";
		};
/* End PBXNativeTarget section */

/* Begin PBXProject section */
		211C69CE2816BA6D00869592 /* Project object */ = {
			isa = PBXProject;
			attributes = {
				BuildIndependentTargetsInParallel = 1;
				LastSwiftUpdateCheck = 1330;
				LastUpgradeCheck = 1330;
				TargetAttributes = {
					211C69D52816BA6D00869592 = {
						CreatedOnToolsVersion = 13.3;
					};
				};
			};
			buildConfigurationList = 211C69D12816BA6D00869592 /* Build configuration list for PBXProject "RecordTicket" */;
			compatibilityVersion = "Xcode 13.0";
			developmentRegion = en;
			hasScannedForEncodings = 0;
			knownRegions = (
				en,
				Base,
				ko,
			);
			mainGroup = 211C69CD2816BA6D00869592;
			productRefGroup = 211C69D72816BA6D00869592 /* Products */;
			projectDirPath = "";
			projectRoot = "";
			targets = (
				211C69D52816BA6D00869592 /* RecordTicket */,
			);
		};
/* End PBXProject section */

/* Begin PBXResourcesBuildPhase section */
		211C69D42816BA6D00869592 /* Resources */ = {
			isa = PBXResourcesBuildPhase;
			buildActionMask = 2147483647;
			files = (
				211C69E12816BA7000869592 /* Preview Assets.xcassets in Resources */,
				21222F452817D8C500BFCA6E /* SpoqaHanSansNeo-Bold.otf in Resources */,
				21222F3F2817D68F00BFCA6E /* AppleSDGothicNeo.ttc in Resources */,
				211C69DE2816BA7000869592 /* Assets.xcassets in Resources */,
				21222F442817D8C500BFCA6E /* SpoqaHanSansNeo-Regular.otf in Resources */,
				4D5213702D719DC300290EA1 /* Localizable.xcstrings in Resources */,
				21222F472817D96000BFCA6E /* Gilroy-ExtraBold.otf in Resources */,
			);
			runOnlyForDeploymentPostprocessing = 0;
		};
/* End PBXResourcesBuildPhase section */

/* Begin PBXSourcesBuildPhase section */
		211C69D22816BA6D00869592 /* Sources */ = {
			isa = PBXSourcesBuildPhase;
			buildActionMask = 2147483647;
			files = (
				21EF6FFA281A6BAD00B60288 /* RoundedCorner.swift in Sources */,
				21222F3A2817C24F00BFCA6E /* InnerRoundedRectangle.swift in Sources */,
				21638D7D28196CA7001AA45A /* DecorateTicketView.swift in Sources */,
				21059BC128225C370056CA6E /* CustomPlayerSlider.swift in Sources */,
				2138E4B5281BAF9D00B26CA9 /* Date.swift in Sources */,
				4D52137A2D71A2F000290EA1 /* InfoSettingView.swift in Sources */,
				2174386E28191073007923AB /* CustomTab.swift in Sources */,
				21B831252823F85D00E209EB /* CustomSheet.swift in Sources */,
				4D52137F2D71A3AD00290EA1 /* ColorThemeSettingSheetView.swift in Sources */,
				21EF7003281A8A8C00B60288 /* EdgeRectangle.swift in Sources */,
				21059BB228210FF40056CA6E /* CoreDataManager.swift in Sources */,
				21EF6FFC281A7D1200B60288 /* TextAlert.swift in Sources */,
				21A6C2452823C2AA00853D8B /* ImageManager.swift in Sources */,
				21284E88281FA12500D52722 /* LocationManager.swift in Sources */,
				21EF6FF8281A6AFF00B60288 /* PlayerView.swift in Sources */,
				21284E8A281FA12D00D52722 /* TimerManager.swift in Sources */,
				4D52137D2D71A35300290EA1 /* SettingSection.swift in Sources */,
				21059BBB28212CB20056CA6E /* PreviewTicketView.swift in Sources */,
				21743870281926AC007923AB /* TicketListView.swift in Sources */,
				21638D7B28194D99001AA45A /* RecordView.swift in Sources */,
				21059BB82821173F0056CA6E /* DecorateTicketViewModel.swift in Sources */,
				21743872281926B5007923AB /* SettingView.swift in Sources */,
				21059BB5282112130056CA6E /* RecordViewModel.swift in Sources */,
				21222F382817C21900BFCA6E /* TicketView.swift in Sources */,
				21222F412817D6B200BFCA6E /* Font.swift in Sources */,
				211C69DC2816BA6D00869592 /* ContentView.swift in Sources */,
				21EF6FF6281A5F8D00B60288 /* Color.swift in Sources */,
				21EF7001281A86FA00B60288 /* RecitalModel.xcdatamodeld in Sources */,
				21A6C2432823B74A00853D8B /* Modifier.swift in Sources */,
				211C69DA2816BA6D00869592 /* RecordTicketApp.swift in Sources */,
				21638D7F281976E0001AA45A /* PhotoPicker.swift in Sources */,
				21222F3C2817CDB200BFCA6E /* Line.swift in Sources */,
				21059BB028210F5C0056CA6E /* TicketListViewModel.swift in Sources */,
				2138E4B7281BB19500B26CA9 /* AudioManager.swift in Sources */,
				4D5213742D71A21000290EA1 /* DataManageSettingView.swift in Sources */,
				21284E8E281FAFB400D52722 /* RecordManager.swift in Sources */,
				4D5213722D71A1D900290EA1 /* ImageManageSettingView.swift in Sources */,
				2174387428193658007923AB /* Style.swift in Sources */,
			);
			runOnlyForDeploymentPostprocessing = 0;
		};
/* End PBXSourcesBuildPhase section */

/* Begin XCBuildConfiguration section */
		211C69E22816BA7000869592 /* Debug */ = {
			isa = XCBuildConfiguration;
			buildSettings = {
				ALWAYS_SEARCH_USER_PATHS = NO;
				CLANG_ANALYZER_NONNULL = YES;
				CLANG_ANALYZER_NUMBER_OBJECT_CONVERSION = YES_AGGRESSIVE;
				CLANG_CXX_LANGUAGE_STANDARD = "gnu++17";
				CLANG_ENABLE_MODULES = YES;
				CLANG_ENABLE_OBJC_ARC = YES;
				CLANG_ENABLE_OBJC_WEAK = YES;
				CLANG_WARN_BLOCK_CAPTURE_AUTORELEASING = YES;
				CLANG_WARN_BOOL_CONVERSION = YES;
				CLANG_WARN_COMMA = YES;
				CLANG_WARN_CONSTANT_CONVERSION = YES;
				CLANG_WARN_DEPRECATED_OBJC_IMPLEMENTATIONS = YES;
				CLANG_WARN_DIRECT_OBJC_ISA_USAGE = YES_ERROR;
				CLANG_WARN_DOCUMENTATION_COMMENTS = YES;
				CLANG_WARN_EMPTY_BODY = YES;
				CLANG_WARN_ENUM_CONVERSION = YES;
				CLANG_WARN_INFINITE_RECURSION = YES;
				CLANG_WARN_INT_CONVERSION = YES;
				CLANG_WARN_NON_LITERAL_NULL_CONVERSION = YES;
				CLANG_WARN_OBJC_IMPLICIT_RETAIN_SELF = YES;
				CLANG_WARN_OBJC_LITERAL_CONVERSION = YES;
				CLANG_WARN_OBJC_ROOT_CLASS = YES_ERROR;
				CLANG_WARN_QUOTED_INCLUDE_IN_FRAMEWORK_HEADER = YES;
				CLANG_WARN_RANGE_LOOP_ANALYSIS = YES;
				CLANG_WARN_STRICT_PROTOTYPES = YES;
				CLANG_WARN_SUSPICIOUS_MOVE = YES;
				CLANG_WARN_UNGUARDED_AVAILABILITY = YES_AGGRESSIVE;
				CLANG_WARN_UNREACHABLE_CODE = YES;
				CLANG_WARN__DUPLICATE_METHOD_MATCH = YES;
				COPY_PHASE_STRIP = NO;
				DEBUG_INFORMATION_FORMAT = dwarf;
				ENABLE_STRICT_OBJC_MSGSEND = YES;
				ENABLE_TESTABILITY = YES;
				GCC_C_LANGUAGE_STANDARD = gnu11;
				GCC_DYNAMIC_NO_PIC = NO;
				GCC_NO_COMMON_BLOCKS = YES;
				GCC_OPTIMIZATION_LEVEL = 0;
				GCC_PREPROCESSOR_DEFINITIONS = (
					"DEBUG=1",
					"$(inherited)",
				);
				GCC_WARN_64_TO_32_BIT_CONVERSION = YES;
				GCC_WARN_ABOUT_RETURN_TYPE = YES_ERROR;
				GCC_WARN_UNDECLARED_SELECTOR = YES;
				GCC_WARN_UNINITIALIZED_AUTOS = YES_AGGRESSIVE;
				GCC_WARN_UNUSED_FUNCTION = YES;
				GCC_WARN_UNUSED_VARIABLE = YES;
				INFOPLIST_KEY_CFBundleDisplayName = "Re cital";
				IPHONEOS_DEPLOYMENT_TARGET = 15.4;
				MTL_ENABLE_DEBUG_INFO = INCLUDE_SOURCE;
				MTL_FAST_MATH = YES;
				ONLY_ACTIVE_ARCH = YES;
				PRODUCT_NAME = "";
				SDKROOT = iphoneos;
				SWIFT_ACTIVE_COMPILATION_CONDITIONS = DEBUG;
				SWIFT_EMIT_LOC_STRINGS = YES;
				SWIFT_OPTIMIZATION_LEVEL = "-Onone";
			};
			name = Debug;
		};
		211C69E32816BA7000869592 /* Release */ = {
			isa = XCBuildConfiguration;
			buildSettings = {
				ALWAYS_SEARCH_USER_PATHS = NO;
				CLANG_ANALYZER_NONNULL = YES;
				CLANG_ANALYZER_NUMBER_OBJECT_CONVERSION = YES_AGGRESSIVE;
				CLANG_CXX_LANGUAGE_STANDARD = "gnu++17";
				CLANG_ENABLE_MODULES = YES;
				CLANG_ENABLE_OBJC_ARC = YES;
				CLANG_ENABLE_OBJC_WEAK = YES;
				CLANG_WARN_BLOCK_CAPTURE_AUTORELEASING = YES;
				CLANG_WARN_BOOL_CONVERSION = YES;
				CLANG_WARN_COMMA = YES;
				CLANG_WARN_CONSTANT_CONVERSION = YES;
				CLANG_WARN_DEPRECATED_OBJC_IMPLEMENTATIONS = YES;
				CLANG_WARN_DIRECT_OBJC_ISA_USAGE = YES_ERROR;
				CLANG_WARN_DOCUMENTATION_COMMENTS = YES;
				CLANG_WARN_EMPTY_BODY = YES;
				CLANG_WARN_ENUM_CONVERSION = YES;
				CLANG_WARN_INFINITE_RECURSION = YES;
				CLANG_WARN_INT_CONVERSION = YES;
				CLANG_WARN_NON_LITERAL_NULL_CONVERSION = YES;
				CLANG_WARN_OBJC_IMPLICIT_RETAIN_SELF = YES;
				CLANG_WARN_OBJC_LITERAL_CONVERSION = YES;
				CLANG_WARN_OBJC_ROOT_CLASS = YES_ERROR;
				CLANG_WARN_QUOTED_INCLUDE_IN_FRAMEWORK_HEADER = YES;
				CLANG_WARN_RANGE_LOOP_ANALYSIS = YES;
				CLANG_WARN_STRICT_PROTOTYPES = YES;
				CLANG_WARN_SUSPICIOUS_MOVE = YES;
				CLANG_WARN_UNGUARDED_AVAILABILITY = YES_AGGRESSIVE;
				CLANG_WARN_UNREACHABLE_CODE = YES;
				CLANG_WARN__DUPLICATE_METHOD_MATCH = YES;
				COPY_PHASE_STRIP = NO;
				DEBUG_INFORMATION_FORMAT = "dwarf-with-dsym";
				ENABLE_NS_ASSERTIONS = NO;
				ENABLE_STRICT_OBJC_MSGSEND = YES;
				GCC_C_LANGUAGE_STANDARD = gnu11;
				GCC_NO_COMMON_BLOCKS = YES;
				GCC_WARN_64_TO_32_BIT_CONVERSION = YES;
				GCC_WARN_ABOUT_RETURN_TYPE = YES_ERROR;
				GCC_WARN_UNDECLARED_SELECTOR = YES;
				GCC_WARN_UNINITIALIZED_AUTOS = YES_AGGRESSIVE;
				GCC_WARN_UNUSED_FUNCTION = YES;
				GCC_WARN_UNUSED_VARIABLE = YES;
				INFOPLIST_KEY_CFBundleDisplayName = "Re cital";
				IPHONEOS_DEPLOYMENT_TARGET = 15.4;
				MTL_ENABLE_DEBUG_INFO = NO;
				MTL_FAST_MATH = YES;
				PRODUCT_NAME = "";
				SDKROOT = iphoneos;
				SWIFT_COMPILATION_MODE = wholemodule;
				SWIFT_EMIT_LOC_STRINGS = YES;
				SWIFT_OPTIMIZATION_LEVEL = "-O";
				VALIDATE_PRODUCT = YES;
			};
			name = Release;
		};
		211C69E52816BA7000869592 /* Debug */ = {
			isa = XCBuildConfiguration;
			buildSettings = {
				ASSETCATALOG_COMPILER_APPICON_NAME = AppIcon;
				ASSETCATALOG_COMPILER_GLOBAL_ACCENT_COLOR_NAME = AccentColor;
				CODE_SIGN_STYLE = Automatic;
				CURRENT_PROJECT_VERSION = 1;
				DEVELOPMENT_ASSET_PATHS = "\"RecordTicket/Preview Content\"";
				DEVELOPMENT_TEAM = VT69ZW2DRC;
				ENABLE_PREVIEWS = YES;
				GENERATE_INFOPLIST_FILE = YES;
				INFOPLIST_FILE = RecordTicket/Info.plist;
				INFOPLIST_KEY_CFBundleDisplayName = "Re Cital";
				INFOPLIST_KEY_NSLocationWhenInUseUsageDescription = "";
				INFOPLIST_KEY_NSMicrophoneUsageDescription = "";
				INFOPLIST_KEY_UIApplicationSceneManifest_Generation = YES;
				INFOPLIST_KEY_UIApplicationSupportsIndirectInputEvents = YES;
				INFOPLIST_KEY_UILaunchScreen_Generation = YES;
				INFOPLIST_KEY_UISupportedInterfaceOrientations_iPad = "UIInterfaceOrientationPortrait UIInterfaceOrientationPortraitUpsideDown UIInterfaceOrientationLandscapeLeft UIInterfaceOrientationLandscapeRight";
				INFOPLIST_KEY_UISupportedInterfaceOrientations_iPhone = "UIInterfaceOrientationPortrait UIInterfaceOrientationLandscapeLeft UIInterfaceOrientationLandscapeRight";
				LD_RUNPATH_SEARCH_PATHS = (
					"$(inherited)",
					"@executable_path/Frameworks",
				);
				MARKETING_VERSION = 1.0;
				PRODUCT_BUNDLE_IDENTIFIER = eraser.RecordTicket;
				PRODUCT_NAME = "$(TARGET_NAME)";
				SWIFT_EMIT_LOC_STRINGS = YES;
				SWIFT_VERSION = 5.0;
				TARGETED_DEVICE_FAMILY = "1,2";
			};
			name = Debug;
		};
		211C69E62816BA7000869592 /* Release */ = {
			isa = XCBuildConfiguration;
			buildSettings = {
				ASSETCATALOG_COMPILER_APPICON_NAME = AppIcon;
				ASSETCATALOG_COMPILER_GLOBAL_ACCENT_COLOR_NAME = AccentColor;
				CODE_SIGN_STYLE = Automatic;
				CURRENT_PROJECT_VERSION = 1;
				DEVELOPMENT_ASSET_PATHS = "\"RecordTicket/Preview Content\"";
				DEVELOPMENT_TEAM = VT69ZW2DRC;
				ENABLE_PREVIEWS = YES;
				GENERATE_INFOPLIST_FILE = YES;
				INFOPLIST_FILE = RecordTicket/Info.plist;
				INFOPLIST_KEY_CFBundleDisplayName = "Re Cital";
				INFOPLIST_KEY_NSLocationWhenInUseUsageDescription = "";
				INFOPLIST_KEY_NSMicrophoneUsageDescription = "";
				INFOPLIST_KEY_UIApplicationSceneManifest_Generation = YES;
				INFOPLIST_KEY_UIApplicationSupportsIndirectInputEvents = YES;
				INFOPLIST_KEY_UILaunchScreen_Generation = YES;
				INFOPLIST_KEY_UISupportedInterfaceOrientations_iPad = "UIInterfaceOrientationPortrait UIInterfaceOrientationPortraitUpsideDown UIInterfaceOrientationLandscapeLeft UIInterfaceOrientationLandscapeRight";
				INFOPLIST_KEY_UISupportedInterfaceOrientations_iPhone = "UIInterfaceOrientationPortrait UIInterfaceOrientationLandscapeLeft UIInterfaceOrientationLandscapeRight";
				LD_RUNPATH_SEARCH_PATHS = (
					"$(inherited)",
					"@executable_path/Frameworks",
				);
				MARKETING_VERSION = 1.0;
				PRODUCT_BUNDLE_IDENTIFIER = eraser.RecordTicket;
				PRODUCT_NAME = "$(TARGET_NAME)";
				SWIFT_EMIT_LOC_STRINGS = YES;
				SWIFT_VERSION = 5.0;
				TARGETED_DEVICE_FAMILY = "1,2";
			};
			name = Release;
		};
/* End XCBuildConfiguration section */

/* Begin XCConfigurationList section */
		211C69D12816BA6D00869592 /* Build configuration list for PBXProject "RecordTicket" */ = {
			isa = XCConfigurationList;
			buildConfigurations = (
				211C69E22816BA7000869592 /* Debug */,
				211C69E32816BA7000869592 /* Release */,
			);
			defaultConfigurationIsVisible = 0;
			defaultConfigurationName = Release;
		};
		211C69E42816BA7000869592 /* Build configuration list for PBXNativeTarget "RecordTicket" */ = {
			isa = XCConfigurationList;
			buildConfigurations = (
				211C69E52816BA7000869592 /* Debug */,
				211C69E62816BA7000869592 /* Release */,
			);
			defaultConfigurationIsVisible = 0;
			defaultConfigurationName = Release;
		};
/* End XCConfigurationList section */

/* Begin XCVersionGroup section */
		21EF6FFF281A86FA00B60288 /* RecitalModel.xcdatamodeld */ = {
			isa = XCVersionGroup;
			children = (
				21EF7000281A86FA00B60288 /* RecitalModel.xcdatamodel */,
			);
			currentVersion = 21EF7000281A86FA00B60288 /* RecitalModel.xcdatamodel */;
			path = RecitalModel.xcdatamodeld;
			sourceTree = "<group>";
			versionGroupType = wrapper.xcdatamodel;
		};
/* End XCVersionGroup section */
	};
	rootObject = 211C69CE2816BA6D00869592 /* Project object */;
}
